dependencies:
  button_bsp:
    dependencies: []
    source:
      path: F:\1\GitHub\Skydimo-MVP\10_LVGL_V9_Test\components\button_bsp
      type: local
    version: '*'
  i2c_bsp:
    dependencies: []
    source:
      path: F:\1\GitHub\Skydimo-MVP\10_LVGL_V9_Test\components\i2c_bsp
      type: local
    version: '*'
  idf:
    source:
      type: idf
    version: 5.4.3
  lcd_bl_pwm_bsp:
    dependencies: []
    source:
      path: F:\1\GitHub\Skydimo-MVP\10_LVGL_V9_Test\components\lcd_bl_pwm_bsp
      type: local
    version: '*'
  mode_manager:
    dependencies: []
    source:
      path: F:\1\GitHub\Skydimo-MVP\10_LVGL_V9_Test\components\mode_manager
      type: local
    version: '*'
direct_dependencies:
- button_bsp
- i2c_bsp
- idf
- lcd_bl_pwm_bsp
- mode_manager
manifest_hash: afb0e46025bf6329de68bb3406d6bbb321042bd58c5f307fb211e1d2d24a935d
target: esp32s3
version: 2.0.0
