dependencies:
  idf:
    source:
      type: idf
    version: 5.4.2
  lvgl/lvgl:
    component_hash: d7c1ac037ae6e85d94897f807d6e7ba0946a83e720074fc95a4f6241da9f9f53
    dependencies: []
    source:
      registry_url: https://components.espressif.com/
      type: service
    version: 8.4.0
direct_dependencies:
- idf
- lvgl/lvgl
manifest_hash: de286fc5bc0f09b6bccfba76c658af28ec9f66f8803d8f8696e929dddfaf7327
target: esp32s3
version: 2.0.0
